{
  "nodes": {
    "colmena": {
      "inputs": {
        "flake-compat": "flake-compat",
        "flake-utils": "flake-utils",
        "nixpkgs": "nixpkgs",
        "stable": "stable"
      },
      "locked": {
        "lastModified": 1684127108,
        "narHash": "sha256-01bfuSY4gnshhtqA1EJCw2CMsKkAx+dHS+sEpQ2+EAQ=",
        "owner": "zhaofengli",
        "repo": "colmena",
        "rev": "5fdd743a11e7291bd8ac1e169d62ba6156c99be4",
        "type": "github"
      },
      "original": {
        "owner": "zhaofengli",
        "ref": "stable",
        "repo": "colmena",
        "type": "github"
      }
    },
    "cosmic-manager": {
      "inputs": {
        "flake-parts": "flake-parts",
        "home-manager": [
          "home-manager"
        ],
        "nixpkgs": [
          "nixpkgs"
        ]
      },
      "locked": {
        "lastModified": 1765831383,
        "narHash": "sha256-P5F/VPjjGw7s0AOTPb3z3gxqtH0YkAnd/c9P6QdWrEU=",
        "owner": "HeitorAugustoLN",
        "repo": "cosmic-manager",
        "rev": "819d4d21fb90460dd11416d81d2cff65a53b8a59",
        "type": "github"
      },
      "original": {
        "owner": "HeitorAugustoLN",
        "repo": "cosmic-manager",
        "type": "github"
      }
    },
    "disko": {
      "inputs": {
        "nixpkgs": [
          "nixpkgs"
        ]
      },
      "locked": {
        "lastModified": 1766150702,
        "narHash": "sha256-P0kM+5o+DKnB6raXgFEk3azw8Wqg5FL6wyl9jD+G5a4=",
        "owner": "nix-community",
        "repo": "disko",
        "rev": "916506443ecd0d0b4a0f4cf9d40a3c22ce39b378",
        "type": "github"
      },
      "original": {
        "owner": "nix-community",
        "repo": "disko",
        "type": "github"
      }
    },
    "eltimn-ai-tools": {
      "inputs": {
        "nixpkgs": [
          "nixpkgs"
        ]
      },
      "locked": {
        "lastModified": 1768370812,
        "narHash": "sha256-8I0daVJF+2th/xfxNhVogXo4CmSZrZXf+/l0kq4Vt4c=",
        "ref": "refs/heads/main",
        "rev": "50eeec8b4e0df05493a3d248d44a4a12472f02ef",
        "revCount": 7,
        "type": "git",
        "url": "ssh://forgejo@git.home.eltimn.com/eltimn/eltimn-ai-tools.git"
      },
      "original": {
        "type": "git",
        "url": "ssh://forgejo@git.home.eltimn.com/eltimn/eltimn-ai-tools.git"
      }
    },
    "firefox-addons": {
      "inputs": {
        "nixpkgs": [
          "nixpkgs"
        ]
      },
      "locked": {
        "dir": "pkgs/firefox-addons",
        "lastModified": 1768536226,
        "narHash": "sha256-d1VSTNa7ajTxT39QBp3gKSbgmgn7yx8RxTZuvZwNX9Y=",
        "owner": "rycee",
        "repo": "nur-expressions",
        "rev": "b092ea4a7d083e09e0aa2de909c1b35b9efb3ee0",
        "type": "gitlab"
      },
      "original": {
        "dir": "pkgs/firefox-addons",
        "owner": "rycee",
        "repo": "nur-expressions",
        "type": "gitlab"
      }
    },
    "flake-compat": {
      "flake": false,
      "locked": {
        "lastModified": 1650374568,
        "narHash": "sha256-Z+s0J8/r907g149rllvwhb4pKi8Wam5ij0st8PwAh+E=",
        "owner": "edolstra",
        "repo": "flake-compat",
        "rev": "b4a34015c698c7793d592d66adbab377907a2be8",
        "type": "github"
      },
      "original": {
        "owner": "edolstra",
        "repo": "flake-compat",
        "type": "github"
      }
    },
    "flake-parts": {
      "inputs": {
        "nixpkgs-lib": [
          "cosmic-manager",
          "nixpkgs"
        ]
      },
      "locked": {
        "lastModified": 1759362264,
        "narHash": "sha256-wfG0S7pltlYyZTM+qqlhJ7GMw2fTF4mLKCIVhLii/4M=",
        "owner": "hercules-ci",
        "repo": "flake-parts",
        "rev": "758cf7296bee11f1706a574c77d072b8a7baa881",
        "type": "github"
      },
      "original": {
        "owner": "hercules-ci",
        "repo": "flake-parts",
        "type": "github"
      }
    },
    "flake-utils": {
      "locked": {
        "lastModified": 1659877975,
        "narHash": "sha256-zllb8aq3YO3h8B/U0/J1WBgAL8EX5yWf5pMj3G0NAmc=",
        "owner": "numtide",
        "repo": "flake-utils",
        "rev": "c0e246b9b83f637f4681389ecabcb2681b4f3af0",
        "type": "github"
      },
      "original": {
        "owner": "numtide",
        "repo": "flake-utils",
        "type": "github"
      }
    },
    "home-manager": {
      "inputs": {
        "nixpkgs": [
          "nixpkgs"
        ]
      },
      "locked": {
        "lastModified": 1767910483,
        "narHash": "sha256-MOU5YdVu4DVwuT5ztXgQpPuRRBjSjUGIdUzOQr9iQOY=",
        "owner": "nix-community",
        "repo": "home-manager",
        "rev": "82fb7dedaad83e5e279127a38ef410bcfac6d77c",
        "type": "github"
      },
      "original": {
        "owner": "nix-community",
        "ref": "release-25.11",
        "repo": "home-manager",
        "type": "github"
      }
    },
    "isd-flake": {
      "inputs": {
        "nixpkgs": "nixpkgs_2",
        "pyproject-build-systems": "pyproject-build-systems",
        "pyproject-nix": "pyproject-nix",
        "systems": "systems",
        "uv2nix": "uv2nix"
      },
      "locked": {
        "lastModified": 1761076054,
        "narHash": "sha256-1TLOsY1wO7nIqjthQLIklw8fSP7Csz1tZxPPRwRn36o=",
        "owner": "isd-project",
        "repo": "isd",
        "rev": "bc060b541c81323df29cc9bc7d36b4932071d00f",
        "type": "github"
      },
      "original": {
        "owner": "isd-project",
        "repo": "isd",
        "type": "github"
      }
    },
    "nix-vscode-extensions": {
      "inputs": {
        "nixpkgs": "nixpkgs_3"
      },
      "locked": {
        "lastModified": 1768529686,
        "narHash": "sha256-CRTi1Sr9q2lx5sKisO7/+sPQtwULTy12BG2gYMJBLPc=",
        "owner": "nix-community",
        "repo": "nix-vscode-extensions",
        "rev": "4b49917cd4d3b31eb4e01ef3ae453f4ff9664fb3",
        "type": "github"
      },
      "original": {
        "owner": "nix-community",
        "repo": "nix-vscode-extensions",
        "type": "github"
      }
    },
    "nixlib": {
      "locked": {
        "lastModified": 1736643958,
        "narHash": "sha256-tmpqTSWVRJVhpvfSN9KXBvKEXplrwKnSZNAoNPf/S/s=",
        "owner": "nix-community",
        "repo": "nixpkgs.lib",
        "rev": "1418bc28a52126761c02dd3d89b2d8ca0f521181",
        "type": "github"
      },
      "original": {
        "owner": "nix-community",
        "repo": "nixpkgs.lib",
        "type": "github"
      }
    },
    "nixos-generators": {
      "inputs": {
        "nixlib": "nixlib",
        "nixpkgs": [
          "nixpkgs"
        ]
      },
      "locked": {
        "lastModified": 1764234087,
        "narHash": "sha256-NHF7QWa0ZPT8hsJrvijREW3+nifmF2rTXgS2v0tpcEA=",
        "owner": "nix-community",
        "repo": "nixos-generators",
        "rev": "032a1878682fafe829edfcf5fdfad635a2efe748",
        "type": "github"
      },
      "original": {
        "owner": "nix-community",
        "repo": "nixos-generators",
        "type": "github"
      }
    },
    "nixpkgs": {
      "locked": {
        "lastModified": 1683408522,
        "narHash": "sha256-9kcPh6Uxo17a3kK3XCHhcWiV1Yu1kYj22RHiymUhMkU=",
        "owner": "NixOS",
        "repo": "nixpkgs",
        "rev": "897876e4c484f1e8f92009fd11b7d988a121a4e7",
        "type": "github"
      },
      "original": {
        "owner": "NixOS",
        "ref": "nixos-unstable",
        "repo": "nixpkgs",
        "type": "github"
      }
    },
    "nixpkgs-unstable": {
      "locked": {
        "lastModified": 1768305791,
        "narHash": "sha256-AIdl6WAn9aymeaH/NvBj0H9qM+XuAuYbGMZaP0zcXAQ=",
        "owner": "nixos",
        "repo": "nixpkgs",
        "rev": "1412caf7bf9e660f2f962917c14b1ea1c3bc695e",
        "type": "github"
      },
      "original": {
        "owner": "nixos",
        "ref": "nixos-unstable",
        "repo": "nixpkgs",
        "type": "github"
      }
    },
    "nixpkgs_2": {
      "locked": {
        "lastModified": 1759515020,
        "narHash": "sha256-M5OkxXQj+mWrXOYOfrnE5kJX45KcOWPZHvxuwpdHB5w=",
        "owner": "NixOS",
        "repo": "nixpkgs",
        "rev": "6d50596beb5762e3e81211056e14ec4ef9787767",
        "type": "github"
      },
      "original": {
        "owner": "NixOS",
        "ref": "release-25.05",
        "repo": "nixpkgs",
        "type": "github"
      }
    },
    "nixpkgs_3": {
      "locked": {
        "lastModified": 1766025857,
        "narHash": "sha256-Lav5jJazCW4mdg1iHcROpuXqmM94BWJvabLFWaJVJp0=",
        "owner": "nixos",
        "repo": "nixpkgs",
        "rev": "def3da69945bbe338c373fddad5a1bb49cf199ce",
        "type": "github"
      },
      "original": {
        "owner": "nixos",
        "repo": "nixpkgs",
        "rev": "def3da69945bbe338c373fddad5a1bb49cf199ce",
        "type": "github"
      }
    },
    "nixpkgs_4": {
      "locked": {
        "lastModified": 1768323494,
        "narHash": "sha256-yBXJLE6WCtrGo7LKiB6NOt6nisBEEkguC/lq/rP3zRQ=",
        "owner": "nixos",
        "repo": "nixpkgs",
        "rev": "2c3e5ec5df46d3aeee2a1da0bfedd74e21f4bf3a",
        "type": "github"
      },
      "original": {
        "owner": "nixos",
        "ref": "nixos-25.11",
        "repo": "nixpkgs",
        "type": "github"
      }
    },
    "pyproject-build-systems": {
      "inputs": {
        "nixpkgs": [
          "isd-flake",
          "nixpkgs"
        ],
        "pyproject-nix": [
          "isd-flake",
          "pyproject-nix"
        ],
        "uv2nix": [
          "isd-flake",
          "uv2nix"
        ]
      },
      "locked": {
        "lastModified": 1759113590,
        "narHash": "sha256-fgxP2RCN4cg0jYiMYoETYc7TZ2JjgyvJa2y9l8oSUFE=",
        "owner": "pyproject-nix",
        "repo": "build-system-pkgs",
        "rev": "dbfc0483b5952c6b86e36f8b3afeb9dde30ea4b5",
        "type": "github"
      },
      "original": {
        "owner": "pyproject-nix",
        "repo": "build-system-pkgs",
        "type": "github"
      }
    },
    "pyproject-nix": {
      "inputs": {
        "nixpkgs": [
          "isd-flake",
          "nixpkgs"
        ]
      },
      "locked": {
        "lastModified": 1759290781,
        "narHash": "sha256-2AR5LullOV7TkUfvW/BxJoTk1Xsssz538LZ+sNmPA0w=",
        "owner": "pyproject-nix",
        "repo": "pyproject.nix",
        "rev": "f6381d442f915899838a9d18a13a72fbe93c2ce9",
        "type": "github"
      },
      "original": {
        "owner": "pyproject-nix",
        "repo": "pyproject.nix",
        "type": "github"
      }
    },
    "root": {
      "inputs": {
        "colmena": "colmena",
        "cosmic-manager": "cosmic-manager",
        "disko": "disko",
        "eltimn-ai-tools": "eltimn-ai-tools",
        "firefox-addons": "firefox-addons",
        "home-manager": "home-manager",
        "isd-flake": "isd-flake",
        "nix-vscode-extensions": "nix-vscode-extensions",
        "nixos-generators": "nixos-generators",
        "nixpkgs": "nixpkgs_4",
        "nixpkgs-unstable": "nixpkgs-unstable",
        "sops-nix": "sops-nix",
        "sysconf-secrets": "sysconf-secrets",
        "zen-browser-flake": "zen-browser-flake"
      }
    },
    "sops-nix": {
      "inputs": {
        "nixpkgs": [
          "nixpkgs"
        ]
      },
      "locked": {
        "lastModified": 1768481291,
        "narHash": "sha256-NjKtkJraCZEnLHAJxLTI+BfdU//9coAz9p5TqveZwPU=",
        "owner": "Mic92",
        "repo": "sops-nix",
        "rev": "e085e303dfcce21adcb5fec535d65aacb066f101",
        "type": "github"
      },
      "original": {
        "owner": "Mic92",
        "repo": "sops-nix",
        "type": "github"
      }
    },
    "stable": {
      "locked": {
        "lastModified": 1669735802,
        "narHash": "sha256-qtG/o/i5ZWZLmXw108N2aPiVsxOcidpHJYNkT45ry9Q=",
        "owner": "NixOS",
        "repo": "nixpkgs",
        "rev": "731cc710aeebecbf45a258e977e8b68350549522",
        "type": "github"
      },
      "original": {
        "owner": "NixOS",
        "ref": "nixos-22.11",
        "repo": "nixpkgs",
        "type": "github"
      }
    },
    "sysconf-secrets": {
      "flake": false,
      "locked": {
        "lastModified": 1768602108,
        "narHash": "sha256-ZoxF9DHdtnEelxspj0wHEJgbVmlP8r38cLKi6uclGq0=",
        "ref": "main",
        "rev": "ab689ebb7e8bedfc4387e959ea7b1bfb766af981",
        "shallow": true,
        "type": "git",
        "url": "ssh://forgejo@git.home.eltimn.com/eltimn/sysconf-secrets.git"
      },
      "original": {
        "ref": "main",
        "shallow": true,
        "type": "git",
        "url": "ssh://forgejo@git.home.eltimn.com/eltimn/sysconf-secrets.git"
      }
    },
    "systems": {
      "locked": {
        "lastModified": 1689347949,
        "narHash": "sha256-12tWmuL2zgBgZkdoB6qXZsgJEH9LR3oUgpaQq2RbI80=",
        "owner": "nix-systems",
        "repo": "default-linux",
        "rev": "31732fcf5e8fea42e59c2488ad31a0e651500f68",
        "type": "github"
      },
      "original": {
        "owner": "nix-systems",
        "repo": "default-linux",
        "type": "github"
      }
    },
    "uv2nix": {
      "inputs": {
        "nixpkgs": [
          "isd-flake",
          "nixpkgs"
        ],
        "pyproject-nix": [
          "isd-flake",
          "pyproject-nix"
        ]
      },
      "locked": {
        "lastModified": 1759380823,
        "narHash": "sha256-DYZ87uCVfONgBuexhuQpjXnLSzfAywbfnh4Ee5rhGv4=",
        "owner": "pyproject-nix",
        "repo": "uv2nix",
        "rev": "be511633027f67beee87ab499f7b16d0a2f7eceb",
        "type": "github"
      },
      "original": {
        "owner": "pyproject-nix",
        "repo": "uv2nix",
        "type": "github"
      }
    },
    "zen-browser-flake": {
      "inputs": {
        "home-manager": [
          "home-manager"
        ],
        "nixpkgs": [
          "nixpkgs"
        ]
      },
      "locked": {
        "lastModified": 1768379550,
        "narHash": "sha256-z94S29l5V86h11LZbPIMbHTJyksDG63aqISsZkTTuJY=",
        "owner": "0xc000022070",
        "repo": "zen-browser-flake",
        "rev": "06f61b4e4f4f6ba8027c96a5611c63dc0db12b90",
        "type": "github"
      },
      "original": {
        "owner": "0xc000022070",
        "repo": "zen-browser-flake",
        "type": "github"
      }
    }
  },
  "root": "root",
  "version": 7
}
